
Microsoft Visual Studio Solution File, Format Version 12.00
# Visual Studio Version 16
VisualStudioVersion = 16.0.32228.343
MinimumVisualStudioVersion = 10.0.40219.1
Project("{FAE04EC0-301F-11D3-BF4B-00C04F79EFBC}") = "SaltedOrNot_FireBase", "SaltedOrNot_FireBase.csproj", "{EE8F0383-D8AA-4DA5-8D21-ADD4B11FEDD5}"
EndProject
Global
	GlobalSection(SolutionConfigurationPlatforms) = preSolution
		Debug|Any CPU = Debug|Any CPU
		Release|Any CPU = Release|Any CPU
	EndGlobalSection
	GlobalSection(ProjectConfigurationPlatforms) = postSolution
		{EE8F0383-D8AA-4DA5-8D21-ADD4B11FEDD5}.Debug|Any CPU.ActiveCfg = Debug|Any CPU
		{EE8F0383-D8AA-4DA5-8D21-ADD4B11FEDD5}.Debug|Any CPU.Build.0 = Debug|Any CPU
		{EE8F0383-D8AA-4DA5-8D21-ADD4B11FEDD5}.Release|Any CPU.ActiveCfg = Release|Any CPU
		{EE8F0383-D8AA-4DA5-8D21-ADD4B11FEDD5}.Release|Any CPU.Build.0 = Release|Any CPU
	EndGlobalSection
	GlobalSection(SolutionProperties) = preSolution
		HideSolutionNode = FALSE
	EndGlobalSection
	GlobalSection(ExtensibilityGlobals) = postSolution
		SolutionGuid = {9FFF9291-2932-464F-BF7A-792566A1BB30}
	EndGlobalSection
EndGlobal
